
Microsoft Visual Studio Solution File, Format Version 12.00
# Visual Studio Version 17
VisualStudioVersion = 17.2.32630.192
MinimumVisualStudioVersion = 10.0.40219.1
Project("{9A19103F-16F7-4668-BE54-9A1E7A4F7556}") = "VendasOnlineCursoMvc", "VendasOnlineCursoMvc\VendasOnlineCursoMvc.csproj", "{C2B56564-0529-4D7D-AD87-5F48D88946A9}"
EndProject
Global
	GlobalSection(SolutionConfigurationPlatforms) = preSolution
		Debug|Any CPU = Debug|Any CPU
		Release|Any CPU = Release|Any CPU
	EndGlobalSection
	GlobalSection(ProjectConfigurationPlatforms) = postSolution
		{C2B56564-0529-4D7D-AD87-5F48D88946A9}.Debug|Any CPU.ActiveCfg = Debug|Any CPU
		{C2B56564-0529-4D7D-AD87-5F48D88946A9}.Debug|Any CPU.Build.0 = Debug|Any CPU
		{C2B56564-0529-4D7D-AD87-5F48D88946A9}.Release|Any CPU.ActiveCfg = Release|Any CPU
		{C2B56564-0529-4D7D-AD87-5F48D88946A9}.Release|Any CPU.Build.0 = Release|Any CPU
	EndGlobalSection
	GlobalSection(SolutionProperties) = preSolution
		HideSolutionNode = FALSE
	EndGlobalSection
	GlobalSection(ExtensibilityGlobals) = postSolution
		SolutionGuid = {F1F696C4-634F-478A-B3E7-E3FE627DEC7C}
	EndGlobalSection
EndGlobal
